
Microsoft Visual Studio Solution File, Format Version 12.00
# Visual Studio Version 16
VisualStudioVersion = 16.0.30907.101
MinimumVisualStudioVersion = 10.0.40219.1
Project("{FAE04EC0-301F-11D3-BF4B-00C04F79EFBC}") = "WPF_FirstApplication", "WPF_FirstApplication\WPF_FirstApplication.csproj", "{04C11E8F-D437-44A9-B9E1-FD5A34802872}"
EndProject
Global
	GlobalSection(SolutionConfigurationPlatforms) = preSolution
		Debug|Any CPU = Debug|Any CPU
		Release|Any CPU = Release|Any CPU
	EndGlobalSection
	GlobalSection(ProjectConfigurationPlatforms) = postSolution
		{04C11E8F-D437-44A9-B9E1-FD5A34802872}.Debug|Any CPU.ActiveCfg = Debug|Any CPU
		{04C11E8F-D437-44A9-B9E1-FD5A34802872}.Debug|Any CPU.Build.0 = Debug|Any CPU
		{04C11E8F-D437-44A9-B9E1-FD5A34802872}.Release|Any CPU.ActiveCfg = Release|Any CPU
		{04C11E8F-D437-44A9-B9E1-FD5A34802872}.Release|Any CPU.Build.0 = Release|Any CPU
	EndGlobalSection
	GlobalSection(SolutionProperties) = preSolution
		HideSolutionNode = FALSE
	EndGlobalSection
	GlobalSection(ExtensibilityGlobals) = postSolution
		SolutionGuid = {B0774DD0-A470-467A-886E-3709EF72E4B1}
	EndGlobalSection
EndGlobal
