
Microsoft Visual Studio Solution File, Format Version 12.00
# Visual Studio Version 16
VisualStudioVersion = 16.0.30907.101
MinimumVisualStudioVersion = 10.0.40219.1
Project("{FAE04EC0-301F-11D3-BF4B-00C04F79EFBC}") = "FinalExtraCredit_HillaryNeaves", "FinalExtraCredit_HillaryNeaves\FinalExtraCredit_HillaryNeaves.csproj", "{1E6CB42F-5F27-41DC-B680-1036210C1CDE}"
EndProject
Global
	GlobalSection(SolutionConfigurationPlatforms) = preSolution
		Debug|Any CPU = Debug|Any CPU
		Release|Any CPU = Release|Any CPU
	EndGlobalSection
	GlobalSection(ProjectConfigurationPlatforms) = postSolution
		{1E6CB42F-5F27-41DC-B680-1036210C1CDE}.Debug|Any CPU.ActiveCfg = Debug|Any CPU
		{1E6CB42F-5F27-41DC-B680-1036210C1CDE}.Debug|Any CPU.Build.0 = Debug|Any CPU
		{1E6CB42F-5F27-41DC-B680-1036210C1CDE}.Release|Any CPU.ActiveCfg = Release|Any CPU
		{1E6CB42F-5F27-41DC-B680-1036210C1CDE}.Release|Any CPU.Build.0 = Release|Any CPU
	EndGlobalSection
	GlobalSection(SolutionProperties) = preSolution
		HideSolutionNode = FALSE
	EndGlobalSection
	GlobalSection(ExtensibilityGlobals) = postSolution
		SolutionGuid = {59D8582B-0833-4ECD-A099-A6B3B84E1E2F}
	EndGlobalSection
EndGlobal
