
Microsoft Visual Studio Solution File, Format Version 12.00
# Visual Studio Version 16
VisualStudioVersion = 16.0.30907.101
MinimumVisualStudioVersion = 10.0.40219.1
Project("{FAE04EC0-301F-11D3-BF4B-00C04F79EFBC}") = "MVC_EF_Intro", "MVC_EF_Intro\MVC_EF_Intro.csproj", "{BF74DBBD-7025-450B-9AE3-742028176C51}"
EndProject
Global
	GlobalSection(SolutionConfigurationPlatforms) = preSolution
		Debug|Any CPU = Debug|Any CPU
		Release|Any CPU = Release|Any CPU
	EndGlobalSection
	GlobalSection(ProjectConfigurationPlatforms) = postSolution
		{BF74DBBD-7025-450B-9AE3-742028176C51}.Debug|Any CPU.ActiveCfg = Debug|Any CPU
		{BF74DBBD-7025-450B-9AE3-742028176C51}.Debug|Any CPU.Build.0 = Debug|Any CPU
		{BF74DBBD-7025-450B-9AE3-742028176C51}.Release|Any CPU.ActiveCfg = Release|Any CPU
		{BF74DBBD-7025-450B-9AE3-742028176C51}.Release|Any CPU.Build.0 = Release|Any CPU
	EndGlobalSection
	GlobalSection(SolutionProperties) = preSolution
		HideSolutionNode = FALSE
	EndGlobalSection
	GlobalSection(ExtensibilityGlobals) = postSolution
		SolutionGuid = {090E85ED-F3ED-458F-9E2E-08CF49C93DB2}
	EndGlobalSection
EndGlobal
