
Microsoft Visual Studio Solution File, Format Version 12.00
# Visual Studio Version 16
VisualStudioVersion = 16.0.30907.101
MinimumVisualStudioVersion = 10.0.40219.1
Project("{FAE04EC0-301F-11D3-BF4B-00C04F79EFBC}") = "ChuckNorris_Participation", "ChuckNorris_Participation\ChuckNorris_Participation.csproj", "{5B831FEA-6EF3-4D2E-8256-A7575831D4D3}"
EndProject
Global
	GlobalSection(SolutionConfigurationPlatforms) = preSolution
		Debug|Any CPU = Debug|Any CPU
		Release|Any CPU = Release|Any CPU
	EndGlobalSection
	GlobalSection(ProjectConfigurationPlatforms) = postSolution
		{5B831FEA-6EF3-4D2E-8256-A7575831D4D3}.Debug|Any CPU.ActiveCfg = Debug|Any CPU
		{5B831FEA-6EF3-4D2E-8256-A7575831D4D3}.Debug|Any CPU.Build.0 = Debug|Any CPU
		{5B831FEA-6EF3-4D2E-8256-A7575831D4D3}.Release|Any CPU.ActiveCfg = Release|Any CPU
		{5B831FEA-6EF3-4D2E-8256-A7575831D4D3}.Release|Any CPU.Build.0 = Release|Any CPU
	EndGlobalSection
	GlobalSection(SolutionProperties) = preSolution
		HideSolutionNode = FALSE
	EndGlobalSection
	GlobalSection(ExtensibilityGlobals) = postSolution
		SolutionGuid = {C1A37EE8-812C-4301-A8CA-3D9C05D2F737}
	EndGlobalSection
EndGlobal
