
Microsoft Visual Studio Solution File, Format Version 12.00
# Visual Studio Version 16
VisualStudioVersion = 16.0.30907.101
MinimumVisualStudioVersion = 10.0.40219.1
Project("{FAE04EC0-301F-11D3-BF4B-00C04F79EFBC}") = "PracticeZipAndCommit", "PracticeZipAndCommit\PracticeZipAndCommit.csproj", "{A55746F5-B497-4A1E-8176-A3688C458A70}"
EndProject
Global
	GlobalSection(SolutionConfigurationPlatforms) = preSolution
		Debug|Any CPU = Debug|Any CPU
		Release|Any CPU = Release|Any CPU
	EndGlobalSection
	GlobalSection(ProjectConfigurationPlatforms) = postSolution
		{A55746F5-B497-4A1E-8176-A3688C458A70}.Debug|Any CPU.ActiveCfg = Debug|Any CPU
		{A55746F5-B497-4A1E-8176-A3688C458A70}.Debug|Any CPU.Build.0 = Debug|Any CPU
		{A55746F5-B497-4A1E-8176-A3688C458A70}.Release|Any CPU.ActiveCfg = Release|Any CPU
		{A55746F5-B497-4A1E-8176-A3688C458A70}.Release|Any CPU.Build.0 = Release|Any CPU
	EndGlobalSection
	GlobalSection(SolutionProperties) = preSolution
		HideSolutionNode = FALSE
	EndGlobalSection
	GlobalSection(ExtensibilityGlobals) = postSolution
		SolutionGuid = {7072F278-F228-49F0-9C9C-B3F661DE87DC}
	EndGlobalSection
EndGlobal
